
Microsoft Visual Studio Solution File, Format Version 12.00
# Visual Studio 2015
Project("{FAE04EC0-301F-11D3-BF4B-00C04F79EFBC}") = "TestTask_Melior.CSharp", "TestTask_Melior.CSharp.csproj", "{89EE9AAF-9EFF-50DE-300F-35F54AE18067}"
EndProject
Global
	GlobalSection(SolutionConfigurationPlatforms) = preSolution
		Debug|Any CPU = Debug|Any CPU
		Release|Any CPU = Release|Any CPU
	EndGlobalSection
	GlobalSection(ProjectConfigurationPlatforms) = postSolution
		{89EE9AAF-9EFF-50DE-300F-35F54AE18067}.Debug|Any CPU.ActiveCfg = Debug|Any CPU
		{89EE9AAF-9EFF-50DE-300F-35F54AE18067}.Debug|Any CPU.Build.0 = Debug|Any CPU
		{89EE9AAF-9EFF-50DE-300F-35F54AE18067}.Release|Any CPU.ActiveCfg = Release|Any CPU
		{89EE9AAF-9EFF-50DE-300F-35F54AE18067}.Release|Any CPU.Build.0 = Release|Any CPU
	EndGlobalSection
	GlobalSection(SolutionProperties) = preSolution
		HideSolutionNode = FALSE
	EndGlobalSection
EndGlobal
